// !$*UTF8*$!
{
	archiveVersion = 1;
	classes = {
	};
	objectVersion = 46;
	objects = {

/* Begin PBXBuildFile section */
		09B7A3651E75A79E009E8BEA /* AppDelegate.swift in Sources */ = {isa = PBXBuildFile; fileRef = 09B7A3641E75A79E009E8BEA /* AppDelegate.swift */; };
		09B7A3671E75A79E009E8BEA /* SignInVC.swift in Sources */ = {isa = PBXBuildFile; fileRef = 09B7A3661E75A79E009E8BEA /* SignInVC.swift */; };
		09B7A36A1E75A79E009E8BEA /* Main.storyboard in Resources */ = {isa = PBXBuildFile; fileRef = 09B7A3681E75A79E009E8BEA /* Main.storyboard */; };
		09B7A36C1E75A79E009E8BEA /* Assets.xcassets in Resources */ = {isa = PBXBuildFile; fileRef = 09B7A36B1E75A79E009E8BEA /* Assets.xcassets */; };
		09B7A36F1E75A79E009E8BEA /* LaunchScreen.storyboard in Resources */ = {isa = PBXBuildFile; fileRef = 09B7A36D1E75A79E009E8BEA /* LaunchScreen.storyboard */; };
		09B7A3771E75A86D009E8BEA /* GoogleService-Info.plist in Resources */ = {isa = PBXBuildFile; fileRef = 09B7A3761E75A86D009E8BEA /* GoogleService-Info.plist */; };
		69387743DAE231752C5E3BC4 /* Pods_social_app.framework in Frameworks */ = {isa = PBXBuildFile; fileRef = 3F3951E239ABE5215330ECF2 /* Pods_social_app.framework */; };
/* End PBXBuildFile section */

/* Begin PBXFileReference section */
		03B1BB251C23EB303B96208D /* Pods-social-app.debug.xcconfig */ = {isa = PBXFileReference; includeInIndex = 1; lastKnownFileType = text.xcconfig; name = "Pods-social-app.debug.xcconfig"; path = "Pods/Target Support Files/Pods-social-app/Pods-social-app.debug.xcconfig"; sourceTree = "<group>"; };
		09B7A3611E75A79E009E8BEA /* social-app.app */ = {isa = PBXFileReference; explicitFileType = wrapper.application; includeInIndex = 0; path = "social-app.app"; sourceTree = BUILT_PRODUCTS_DIR; };
		09B7A3641E75A79E009E8BEA /* AppDelegate.swift */ = {isa = PBXFileReference; lastKnownFileType = sourcecode.swift; path = AppDelegate.swift; sourceTree = "<group>"; };
		09B7A3661E75A79E009E8BEA /* SignInVC.swift */ = {isa = PBXFileReference; lastKnownFileType = sourcecode.swift; path = SignInVC.swift; sourceTree = "<group>"; };
		09B7A3691E75A79E009E8BEA /* Base */ = {isa = PBXFileReference; lastKnownFileType = file.storyboard; name = Base; path = Base.lproj/Main.storyboard; sourceTree = "<group>"; };
		09B7A36B1E75A79E009E8BEA /* Assets.xcassets */ = {isa = PBXFileReference; lastKnownFileType = folder.assetcatalog; path = Assets.xcassets; sourceTree = "<group>"; };
		09B7A36E1E75A79E009E8BEA /* Base */ = {isa = PBXFileReference; lastKnownFileType = file.storyboard; name = Base; path = Base.lproj/LaunchScreen.storyboard; sourceTree = "<group>"; };
		09B7A3701E75A79E009E8BEA /* Info.plist */ = {isa = PBXFileReference; lastKnownFileType = text.plist.xml; path = Info.plist; sourceTree = "<group>"; };
		09B7A3761E75A86D009E8BEA /* GoogleService-Info.plist */ = {isa = PBXFileReference; fileEncoding = 4; lastKnownFileType = text.plist.xml; path = "GoogleService-Info.plist"; sourceTree = "<group>"; };
		1A39FE6FCE8F5088322E9919 /* Pods-social-app.release.xcconfig */ = {isa = PBXFileReference; includeInIndex = 1; lastKnownFileType = text.xcconfig; name = "Pods-social-app.release.xcconfig"; path = "Pods/Target Support Files/Pods-social-app/Pods-social-app.release.xcconfig"; sourceTree = "<group>"; };
		3F3951E239ABE5215330ECF2 /* Pods_social_app.framework */ = {isa = PBXFileReference; explicitFileType = wrapper.framework; includeInIndex = 0; path = Pods_social_app.framework; sourceTree = BUILT_PRODUCTS_DIR; };
/* End PBXFileReference section */

/* Begin PBXFrameworksBuildPhase section */
		09B7A35E1E75A79E009E8BEA /* Frameworks */ = {
			isa = PBXFrameworksBuildPhase;
			buildActionMask = 2147483647;
			files = (
				69387743DAE231752C5E3BC4 /* Pods_social_app.framework in Frameworks */,
			);
			runOnlyForDeploymentPostprocessing = 0;
		};
/* End PBXFrameworksBuildPhase section */

/* Begin PBXGroup section */
		0982D6FA1E75AACB00A0A455 /* Model */ = {
			isa = PBXGroup;
			children = (
			);
			name = Model;
			sourceTree = "<group>";
		};
		0982D6FB1E75AAD000A0A455 /* View */ = {
			isa = PBXGroup;
			children = (
			);
			name = View;
			sourceTree = "<group>";
		};
		0982D6FC1E75AAD400A0A455 /* Controller */ = {
			isa = PBXGroup;
			children = (
				09B7A3661E75A79E009E8BEA /* SignInVC.swift */,
			);
			name = Controller;
			sourceTree = "<group>";
		};
		09B7A3581E75A79E009E8BEA = {
			isa = PBXGroup;
			children = (
				09B7A3631E75A79E009E8BEA /* social-app */,
				09B7A3621E75A79E009E8BEA /* Products */,
				EB31AD6E274654BCBE42F066 /* Pods */,
				AD0E8EA5772B454ADEC3F141 /* Frameworks */,
			);
			sourceTree = "<group>";
		};
		09B7A3621E75A79E009E8BEA /* Products */ = {
			isa = PBXGroup;
			children = (
				09B7A3611E75A79E009E8BEA /* social-app.app */,
			);
			name = Products;
			sourceTree = "<group>";
		};
		09B7A3631E75A79E009E8BEA /* social-app */ = {
			isa = PBXGroup;
			children = (
				0982D6FA1E75AACB00A0A455 /* Model */,
				0982D6FB1E75AAD000A0A455 /* View */,
				0982D6FC1E75AAD400A0A455 /* Controller */,
				09B7A3641E75A79E009E8BEA /* AppDelegate.swift */,
				09B7A3681E75A79E009E8BEA /* Main.storyboard */,
				09B7A36B1E75A79E009E8BEA /* Assets.xcassets */,
				09B7A36D1E75A79E009E8BEA /* LaunchScreen.storyboard */,
				09B7A3701E75A79E009E8BEA /* Info.plist */,
				09B7A3761E75A86D009E8BEA /* GoogleService-Info.plist */,
			);
			path = "social-app";
			sourceTree = "<group>";
		};
		AD0E8EA5772B454ADEC3F141 /* Frameworks */ = {
			isa = PBXGroup;
			children = (
				3F3951E239ABE5215330ECF2 /* Pods_social_app.framework */,
			);
			name = Frameworks;
			sourceTree = "<group>";
		};
		EB31AD6E274654BCBE42F066 /* Pods */ = {
			isa = PBXGroup;
			children = (
				03B1BB251C23EB303B96208D /* Pods-social-app.debug.xcconfig */,
				1A39FE6FCE8F5088322E9919 /* Pods-social-app.release.xcconfig */,
			);
			name = Pods;
			sourceTree = "<group>";
		};
/* End PBXGroup section */

/* Begin PBXNativeTarget section */
		09B7A3601E75A79E009E8BEA /* social-app */ = {
			isa = PBXNativeTarget;
			buildConfigurationList = 09B7A3731E75A79E009E8BEA /* Build configuration list for PBXNativeTarget "social-app" */;
			buildPhases = (
				4174C6344341F26AE51EC27F /* [CP] Check Pods Manifest.lock */,
				09B7A35D1E75A79E009E8BEA /* Sources */,
				09B7A35E1E75A79E009E8BEA /* Frameworks */,
				09B7A35F1E75A79E009E8BEA /* Resources */,
				B895E2B5871CAE3BB4843921 /* [CP] Embed Pods Frameworks */,
				4C2030936C4F2CD3DA9DEC73 /* [CP] Copy Pods Resources */,
			);
			buildRules = (
			);
			dependencies = (
			);
			name = "social-app";
			productName = "social-app";
			productReference = 09B7A3611E75A79E009E8BEA /* social-app.app */;
			productType = "com.apple.product-type.application";
		};
/* End PBXNativeTarget section */

/* Begin PBXProject section */
		09B7A3591E75A79E009E8BEA /* Project object */ = {
			isa = PBXProject;
			attributes = {
				LastSwiftUpdateCheck = 0830;
				LastUpgradeCheck = 0830;
				ORGANIZATIONNAME = "CrewNET IVS";
				TargetAttributes = {
					09B7A3601E75A79E009E8BEA = {
						CreatedOnToolsVersion = 8.3;
						DevelopmentTeam = 93L72G83S5;
						ProvisioningStyle = Automatic;
					};
				};
			};
			buildConfigurationList = 09B7A35C1E75A79E009E8BEA /* Build configuration list for PBXProject "social-app" */;
			compatibilityVersion = "Xcode 3.2";
			developmentRegion = English;
			hasScannedForEncodings = 0;
			knownRegions = (
				en,
				Base,
			);
			mainGroup = 09B7A3581E75A79E009E8BEA;
			productRefGroup = 09B7A3621E75A79E009E8BEA /* Products */;
			projectDirPath = "";
			projectRoot = "";
			targets = (
				09B7A3601E75A79E009E8BEA /* social-app */,
			);
		};
/* End PBXProject section */

/* Begin PBXResourcesBuildPhase section */
		09B7A35F1E75A79E009E8BEA /* Resources */ = {
			isa = PBXResourcesBuildPhase;
			buildActionMask = 2147483647;
			files = (
				09B7A36F1E75A79E009E8BEA /* LaunchScreen.storyboard in Resources */,
				09B7A3771E75A86D009E8BEA /* GoogleService-Info.plist in Resources */,
				09B7A36C1E75A79E009E8BEA /* Assets.xcassets in Resources */,
				09B7A36A1E75A79E009E8BEA /* Main.storyboard in Resources */,
			);
			runOnlyForDeploymentPostprocessing = 0;
		};
/* End PBXResourcesBuildPhase section */

/* Begin PBXShellScriptBuildPhase section */
		4174C6344341F26AE51EC27F /* [CP] Check Pods Manifest.lock */ = {
			isa = PBXShellScriptBuildPhase;
			buildActionMask = 2147483647;
			files = (
			);
			inputPaths = (
			);
			name = "[CP] Check Pods Manifest.lock";
			outputPaths = (
			);
			runOnlyForDeploymentPostprocessing = 0;
			shellPath = /bin/sh;
			shellScript = "diff \"${PODS_ROOT}/../Podfile.lock\" \"${PODS_ROOT}/Manifest.lock\" > /dev/null\nif [ $? != 0 ] ; then\n    # print error to STDERR\n    echo \"error: The sandbox is not in sync with the Podfile.lock. Run 'pod install' or update your CocoaPods installation.\" >&2\n    exit 1\nfi\n";
			showEnvVarsInLog = 0;
		};
		4C2030936C4F2CD3DA9DEC73 /* [CP] Copy Pods Resources */ = {
			isa = PBXShellScriptBuildPhase;
			buildActionMask = 2147483647;
			files = (
			);
			inputPaths = (
			);
			name = "[CP] Copy Pods Resources";
			outputPaths = (
			);
			runOnlyForDeploymentPostprocessing = 0;
			shellPath = /bin/sh;
			shellScript = "\"${SRCROOT}/Pods/Target Support Files/Pods-social-app/Pods-social-app-resources.sh\"\n";
			showEnvVarsInLog = 0;
		};
		B895E2B5871CAE3BB4843921 /* [CP] Embed Pods Frameworks */ = {
			isa = PBXShellScriptBuildPhase;
			buildActionMask = 2147483647;
			files = (
			);
			inputPaths = (
			);
			name = "[CP] Embed Pods Frameworks";
			outputPaths = (
			);
			runOnlyForDeploymentPostprocessing = 0;
			shellPath = /bin/sh;
			shellScript = "\"${SRCROOT}/Pods/Target Support Files/Pods-social-app/Pods-social-app-frameworks.sh\"\n";
			showEnvVarsInLog = 0;
		};
/* End PBXShellScriptBuildPhase section */

/* Begin PBXSourcesBuildPhase section */
		09B7A35D1E75A79E009E8BEA /* Sources */ = {
			isa = PBXSourcesBuildPhase;
			buildActionMask = 2147483647;
			files = (
				09B7A3671E75A79E009E8BEA /* SignInVC.swift in Sources */,
				09B7A3651E75A79E009E8BEA /* AppDelegate.swift in Sources */,
			);
			runOnlyForDeploymentPostprocessing = 0;
		};
/* End PBXSourcesBuildPhase section */

/* Begin PBXVariantGroup section */
		09B7A3681E75A79E009E8BEA /* Main.storyboard */ = {
			isa = PBXVariantGroup;
			children = (
				09B7A3691E75A79E009E8BEA /* Base */,
			);
			name = Main.storyboard;
			sourceTree = "<group>";
		};
		09B7A36D1E75A79E009E8BEA /* LaunchScreen.storyboard */ = {
			isa = PBXVariantGroup;
			children = (
				09B7A36E1E75A79E009E8BEA /* Base */,
			);
			name = LaunchScreen.storyboard;
			sourceTree = "<group>";
		};
/* End PBXVariantGroup section */

/* Begin XCBuildConfiguration section */
		09B7A3711E75A79E009E8BEA /* Debug */ = {
			isa = XCBuildConfiguration;
			buildSettings = {
				ALWAYS_SEARCH_USER_PATHS = NO;
				CLANG_ANALYZER_NONNULL = YES;
				CLANG_ANALYZER_NUMBER_OBJECT_CONVERSION = YES_AGGRESSIVE;
				CLANG_CXX_LANGUAGE_STANDARD = "gnu++0x";
				CLANG_CXX_LIBRARY = "libc++";
				CLANG_ENABLE_MODULES = YES;
				CLANG_ENABLE_OBJC_ARC = YES;
				CLANG_WARN_BOOL_CONVERSION = YES;
				CLANG_WARN_CONSTANT_CONVERSION = YES;
				CLANG_WARN_DIRECT_OBJC_ISA_USAGE = YES_ERROR;
				CLANG_WARN_DOCUMENTATION_COMMENTS = YES;
				CLANG_WARN_EMPTY_BODY = YES;
				CLANG_WARN_ENUM_CONVERSION = YES;
				CLANG_WARN_INFINITE_RECURSION = YES;
				CLANG_WARN_INT_CONVERSION = YES;
				CLANG_WARN_OBJC_ROOT_CLASS = YES_ERROR;
				CLANG_WARN_SUSPICIOUS_MOVE = YES;
				CLANG_WARN_UNREACHABLE_CODE = YES;
				CLANG_WARN__DUPLICATE_METHOD_MATCH = YES;
				"CODE_SIGN_IDENTITY[sdk=iphoneos*]" = "iPhone Developer";
				COPY_PHASE_STRIP = NO;
				DEBUG_INFORMATION_FORMAT = dwarf;
				ENABLE_STRICT_OBJC_MSGSEND = YES;
				ENABLE_TESTABILITY = YES;
				GCC_C_LANGUAGE_STANDARD = gnu99;
				GCC_DYNAMIC_NO_PIC = NO;
				GCC_NO_COMMON_BLOCKS = YES;
				GCC_OPTIMIZATION_LEVEL = 0;
				GCC_PREPROCESSOR_DEFINITIONS = (
					"DEBUG=1",
					"$(inherited)",
				);
				GCC_WARN_64_TO_32_BIT_CONVERSION = YES;
				GCC_WARN_ABOUT_RETURN_TYPE = YES_ERROR;
				GCC_WARN_UNDECLARED_SELECTOR = YES;
				GCC_WARN_UNINITIALIZED_AUTOS = YES_AGGRESSIVE;
				GCC_WARN_UNUSED_FUNCTION = YES;
				GCC_WARN_UNUSED_VARIABLE = YES;
				IPHONEOS_DEPLOYMENT_TARGET = 10.3;
				MTL_ENABLE_DEBUG_INFO = YES;
				ONLY_ACTIVE_ARCH = YES;
				SDKROOT = iphoneos;
				SWIFT_ACTIVE_COMPILATION_CONDITIONS = DEBUG;
				SWIFT_OPTIMIZATION_LEVEL = "-Onone";
				TARGETED_DEVICE_FAMILY = "1,2";
			};
			name = Debug;
		};
		09B7A3721E75A79E009E8BEA /* Release */ = {
			isa = XCBuildConfiguration;
			buildSettings = {
				ALWAYS_SEARCH_USER_PATHS = NO;
				CLANG_ANALYZER_NONNULL = YES;
				CLANG_ANALYZER_NUMBER_OBJECT_CONVERSION = YES_AGGRESSIVE;
				CLANG_CXX_LANGUAGE_STANDARD = "gnu++0x";
				CLANG_CXX_LIBRARY = "libc++";
				CLANG_ENABLE_MODULES = YES;
				CLANG_ENABLE_OBJC_ARC = YES;
				CLANG_WARN_BOOL_CONVERSION = YES;
				CLANG_WARN_CONSTANT_CONVERSION = YES;
				CLANG_WARN_DIRECT_OBJC_ISA_USAGE = YES_ERROR;
				CLANG_WARN_DOCUMENTATION_COMMENTS = YES;
				CLANG_WARN_EMPTY_BODY = YES;
				CLANG_WARN_ENUM_CONVERSION = YES;
				CLANG_WARN_INFINITE_RECURSION = YES;
				CLANG_WARN_INT_CONVERSION = YES;
				CLANG_WARN_OBJC_ROOT_CLASS = YES_ERROR;
				CLANG_WARN_SUSPICIOUS_MOVE = YES;
				CLANG_WARN_UNREACHABLE_CODE = YES;
				CLANG_WARN__DUPLICATE_METHOD_MATCH = YES;
				"CODE_SIGN_IDENTITY[sdk=iphoneos*]" = "iPhone Developer";
				COPY_PHASE_STRIP = NO;
				DEBUG_INFORMATION_FORMAT = "dwarf-with-dsym";
				ENABLE_NS_ASSERTIONS = NO;
				ENABLE_STRICT_OBJC_MSGSEND = YES;
				GCC_C_LANGUAGE_STANDARD = gnu99;
				GCC_NO_COMMON_BLOCKS = YES;
				GCC_WARN_64_TO_32_BIT_CONVERSION = YES;
				GCC_WARN_ABOUT_RETURN_TYPE = YES_ERROR;
				GCC_WARN_UNDECLARED_SELECTOR = YES;
				GCC_WARN_UNINITIALIZED_AUTOS = YES_AGGRESSIVE;
				GCC_WARN_UNUSED_FUNCTION = YES;
				GCC_WARN_UNUSED_VARIABLE = YES;
				IPHONEOS_DEPLOYMENT_TARGET = 10.3;
				MTL_ENABLE_DEBUG_INFO = NO;
				SDKROOT = iphoneos;
				SWIFT_OPTIMIZATION_LEVEL = "-Owholemodule";
				TARGETED_DEVICE_FAMILY = "1,2";
				VALIDATE_PRODUCT = YES;
			};
			name = Release;
		};
		09B7A3741E75A79E009E8BEA /* Debug */ = {
			isa = XCBuildConfiguration;
			baseConfigurationReference = 03B1BB251C23EB303B96208D /* Pods-social-app.debug.xcconfig */;
			buildSettings = {
				ASSETCATALOG_COMPILER_APPICON_NAME = AppIcon;
				DEVELOPMENT_TEAM = 93L72G83S5;
				INFOPLIST_FILE = "social-app/Info.plist";
				IPHONEOS_DEPLOYMENT_TARGET = 10.2;
				LD_RUNPATH_SEARCH_PATHS = "$(inherited) @executable_path/Frameworks";
				PRODUCT_BUNDLE_IDENTIFIER = "com.crewnet.social-app";
				PRODUCT_NAME = "$(TARGET_NAME)";
				SWIFT_VERSION = 3.0;
			};
			name = Debug;
		};
		09B7A3751E75A79E009E8BEA /* Release */ = {
			isa = XCBuildConfiguration;
			baseConfigurationReference = 1A39FE6FCE8F5088322E9919 /* Pods-social-app.release.xcconfig */;
			buildSettings = {
				ASSETCATALOG_COMPILER_APPICON_NAME = AppIcon;
				DEVELOPMENT_TEAM = 93L72G83S5;
				INFOPLIST_FILE = "social-app/Info.plist";
				IPHONEOS_DEPLOYMENT_TARGET = 10.2;
				LD_RUNPATH_SEARCH_PATHS = "$(inherited) @executable_path/Frameworks";
				PRODUCT_BUNDLE_IDENTIFIER = "com.crewnet.social-app";
				PRODUCT_NAME = "$(TARGET_NAME)";
				SWIFT_VERSION = 3.0;
			};
			name = Release;
		};
/* End XCBuildConfiguration section */

/* Begin XCConfigurationList section */
		09B7A35C1E75A79E009E8BEA /* Build configuration list for PBXProject "social-app" */ = {
			isa = XCConfigurationList;
			buildConfigurations = (
				09B7A3711E75A79E009E8BEA /* Debug */,
				09B7A3721E75A79E009E8BEA /* Release */,
			);
			defaultConfigurationIsVisible = 0;
			defaultConfigurationName = Release;
		};
		09B7A3731E75A79E009E8BEA /* Build configuration list for PBXNativeTarget "social-app" */ = {
			isa = XCConfigurationList;
			buildConfigurations = (
				09B7A3741E75A79E009E8BEA /* Debug */,
				09B7A3751E75A79E009E8BEA /* Release */,
			);
			defaultConfigurationIsVisible = 0;
			defaultConfigurationName = Release;
		};
/* End XCConfigurationList section */
	};
	rootObject = 09B7A3591E75A79E009E8BEA /* Project object */;
}
